
Microsoft Visual Studio Solution File, Format Version 12.00
# Visual Studio Version 17
VisualStudioVersion = 17.5.33516.290
MinimumVisualStudioVersion = 10.0.40219.1
Project("{9A19103F-16F7-4668-BE54-9A1E7A4F7556}") = "LoanApplication", "LoanApplication\LoanApplication.csproj", "{0A88A230-96FC-43ED-B393-40B5F90B29F5}"
EndProject
Project("{FAE04EC0-301F-11D3-BF4B-00C04F79EFBC}") = "LoanApplicationTest", "LoanApplicationTest\LoanApplicationTest.csproj", "{58DB2697-0BA9-4C62-9273-C12546A7F387}"
EndProject
Global
	GlobalSection(SolutionConfigurationPlatforms) = preSolution
		Debug|Any CPU = Debug|Any CPU
		Release|Any CPU = Release|Any CPU
	EndGlobalSection
	GlobalSection(ProjectConfigurationPlatforms) = postSolution
		{0A88A230-96FC-43ED-B393-40B5F90B29F5}.Debug|Any CPU.ActiveCfg = Debug|Any CPU
		{0A88A230-96FC-43ED-B393-40B5F90B29F5}.Debug|Any CPU.Build.0 = Debug|Any CPU
		{0A88A230-96FC-43ED-B393-40B5F90B29F5}.Release|Any CPU.ActiveCfg = Release|Any CPU
		{0A88A230-96FC-43ED-B393-40B5F90B29F5}.Release|Any CPU.Build.0 = Release|Any CPU
		{58DB2697-0BA9-4C62-9273-C12546A7F387}.Debug|Any CPU.ActiveCfg = Debug|Any CPU
		{58DB2697-0BA9-4C62-9273-C12546A7F387}.Debug|Any CPU.Build.0 = Debug|Any CPU
		{58DB2697-0BA9-4C62-9273-C12546A7F387}.Release|Any CPU.ActiveCfg = Release|Any CPU
		{58DB2697-0BA9-4C62-9273-C12546A7F387}.Release|Any CPU.Build.0 = Release|Any CPU
	EndGlobalSection
	GlobalSection(SolutionProperties) = preSolution
		HideSolutionNode = FALSE
	EndGlobalSection
	GlobalSection(ExtensibilityGlobals) = postSolution
		SolutionGuid = {08F4D074-AA8B-45BD-A5A6-06A2C6CF9E30}
	EndGlobalSection
EndGlobal
